{
  "name": "port",
  "version": "1.0.0",
  "lockfileVersion": 2,
  "requires": true,
  "packages": {
    "": {
      "name": "port",
      "version": "1.0.0",
      "license": "ISC",
      "dependencies": {
        "fullpage.js": "^4.0.12"
      }
    },
    "node_modules/fullpage.js": {
      "version": "4.0.12",
      "resolved": "https://registry.npmjs.org/fullpage.js/-/fullpage.js-4.0.12.tgz",
      "integrity": "sha512-Vw5NxtcjP/CECqOlzOFJexV3wV6aCKC4izpAoI3tzRTfxOiADWSorulXEyyKaUccjQzKsX7jLDZsR2gzw4PdeQ=="
    }
  },
  "dependencies": {
    "fullpage.js": {
      "version": "4.0.12",
      "resolved": "https://registry.npmjs.org/fullpage.js/-/fullpage.js-4.0.12.tgz",
      "integrity": "sha512-Vw5NxtcjP/CECqOlzOFJexV3wV6aCKC4izpAoI3tzRTfxOiADWSorulXEyyKaUccjQzKsX7jLDZsR2gzw4PdeQ=="
    }
  }
}
